{
  "name": "malaya-plugin-systemd",
  "version": "0.8.99",
  "lockfileVersion": 1,
  "requires": true,
  "dependencies": {
    "bindings": {
      "version": "1.3.0",
      "resolved": "http://npm:4873/bindings/-/bindings-1.3.0.tgz",
      "integrity": "sha512-DpLh5EzMR2kzvX1KIlVC0VkC3iZtHKTgdtZ0a3pglBZdaQFjt5S9g9xd1lE+YvXyfd6mtCeRnrUfOLYiTMlNSw=="
    },
    "sd-notify": {
      "version": "2.5.1",
      "resolved": "http://npm:4873/sd-notify/-/sd-notify-2.5.1.tgz",
      "integrity": "sha512-0Sn7o88GhYffwlrw0aSI/1kLlrU4aOa8HSXqE0l/jxUCoFQgtKlR2OVQ05+jvmjF0UTeFB2TZzBA3rnHYz+TVQ==",
      "requires": {
        "bindings": "=1.3.0"
      }
    },
    "systemd": {
      "version": "0.3.1",
      "resolved": "http://npm:4873/systemd/-/systemd-0.3.1.tgz",
      "integrity": "sha512-xsspyB6WkvYSGJjDNyrDMWYuzwn4HtxKf1GWlnbgy3uy4J9nKzOmyreI4oGekP+icWlmp7EPgYLFEvqeXCUszg=="
    }
  }
}
